// !$*UTF8*$!
{
	archiveVersion = 1;
	classes = {
	};
	objectVersion = 55;
	objects = {

/* Begin PBXBuildFile section */
		34313E9C3E760D476927871F /* TuistBundle+IronTracksWidgets.swift in Sources */ = {isa = PBXBuildFile; fileRef = 2E182391ECE09053529BAB73 /* TuistBundle+IronTracksWidgets.swift */; };
		61C4485ABA6B35A48E6B52E3 /* Assets.xcassets in Resources */ = {isa = PBXBuildFile; fileRef = 1B1285860C250ADFEA2F5456 /* Assets.xcassets */; };
		B8BC6D6324C713A4A0831B86 /* TuistAssets+IronTracksWidgets.swift in Sources */ = {isa = PBXBuildFile; fileRef = 3E692AAE9611B0F693F5A26C /* TuistAssets+IronTracksWidgets.swift */; };
		E22A619EE1BE450DDBD7CB40 /* WidgetsBundle.swift in Sources */ = {isa = PBXBuildFile; fileRef = C78C552C99220809496DF97E /* WidgetsBundle.swift */; };
/* End PBXBuildFile section */

/* Begin PBXCopyFilesBuildPhase section */
		4A303046E75FE066A501D934 /* Embed Frameworks */ = {
			isa = PBXCopyFilesBuildPhase;
			buildActionMask = 2147483647;
			dstPath = "";
			dstSubfolderSpec = 10;
			files = (
			);
			name = "Embed Frameworks";
			runOnlyForDeploymentPostprocessing = 0;
		};
/* End PBXCopyFilesBuildPhase section */

/* Begin PBXFileReference section */
		1B1285860C250ADFEA2F5456 /* Assets.xcassets */ = {isa = PBXFileReference; lastKnownFileType = folder.assetcatalog; path = Assets.xcassets; sourceTree = "<group>"; };
		2E182391ECE09053529BAB73 /* TuistBundle+IronTracksWidgets.swift */ = {isa = PBXFileReference; lastKnownFileType = sourcecode.swift; path = "TuistBundle+IronTracksWidgets.swift"; sourceTree = "<group>"; };
		3E692AAE9611B0F693F5A26C /* TuistAssets+IronTracksWidgets.swift */ = {isa = PBXFileReference; lastKnownFileType = sourcecode.swift; path = "TuistAssets+IronTracksWidgets.swift"; sourceTree = "<group>"; };
		ACEBD330A3BC23969D62DDE8 /* IronTracksWidgets-Info.plist */ = {isa = PBXFileReference; lastKnownFileType = text.plist; path = "IronTracksWidgets-Info.plist"; sourceTree = "<group>"; };
		C78C552C99220809496DF97E /* WidgetsBundle.swift */ = {isa = PBXFileReference; lastKnownFileType = sourcecode.swift; path = WidgetsBundle.swift; sourceTree = "<group>"; };
		D366DA60D6798C4B3E2070AA /* IronTracksWidgets.appex */ = {isa = PBXFileReference; explicitFileType = "wrapper.app-extension"; includeInIndex = 0; path = IronTracksWidgets.appex; sourceTree = BUILT_PRODUCTS_DIR; };
/* End PBXFileReference section */

/* Begin PBXFrameworksBuildPhase section */
		0AC54681B39C28BA3376944B /* Frameworks */ = {
			isa = PBXFrameworksBuildPhase;
			buildActionMask = 2147483647;
			files = (
			);
			runOnlyForDeploymentPostprocessing = 0;
		};
/* End PBXFrameworksBuildPhase section */

/* Begin PBXGroup section */
		0F542C58A0F5B8C90EC77940 /* InfoPlists */ = {
			isa = PBXGroup;
			children = (
				ACEBD330A3BC23969D62DDE8 /* IronTracksWidgets-Info.plist */,
			);
			path = InfoPlists;
			sourceTree = "<group>";
		};
		45FD4C889826F259EA4F1BDC /* Derived */ = {
			isa = PBXGroup;
			children = (
				0F542C58A0F5B8C90EC77940 /* InfoPlists */,
				ADAB3AB66D961294B3C7499C /* Sources */,
			);
			path = Derived;
			sourceTree = "<group>";
		};
		500C6DD9DBCE41ABD25F63EB /* Project */ = {
			isa = PBXGroup;
			children = (
				45FD4C889826F259EA4F1BDC /* Derived */,
				E57B2B387F79B1904F869707 /* Resources */,
				5EE4EEDF3FC2A88DDC8F3201 /* Sources */,
			);
			name = Project;
			sourceTree = "<group>";
		};
		5DA06836A894C8E1FF688863 = {
			isa = PBXGroup;
			children = (
				C48475064212D7B6EDD1D386 /* Products */,
				500C6DD9DBCE41ABD25F63EB /* Project */,
			);
			sourceTree = "<group>";
		};
		5EE4EEDF3FC2A88DDC8F3201 /* Sources */ = {
			isa = PBXGroup;
			children = (
				C78C552C99220809496DF97E /* WidgetsBundle.swift */,
			);
			path = Sources;
			sourceTree = "<group>";
		};
		ADAB3AB66D961294B3C7499C /* Sources */ = {
			isa = PBXGroup;
			children = (
				3E692AAE9611B0F693F5A26C /* TuistAssets+IronTracksWidgets.swift */,
				2E182391ECE09053529BAB73 /* TuistBundle+IronTracksWidgets.swift */,
			);
			path = Sources;
			sourceTree = "<group>";
		};
		C48475064212D7B6EDD1D386 /* Products */ = {
			isa = PBXGroup;
			children = (
				D366DA60D6798C4B3E2070AA /* IronTracksWidgets.appex */,
			);
			name = Products;
			sourceTree = "<group>";
		};
		E57B2B387F79B1904F869707 /* Resources */ = {
			isa = PBXGroup;
			children = (
				1B1285860C250ADFEA2F5456 /* Assets.xcassets */,
			);
			path = Resources;
			sourceTree = "<group>";
		};
/* End PBXGroup section */

/* Begin PBXNativeTarget section */
		6B208B111E464D5C0E0699E0 /* IronTracksWidgets */ = {
			isa = PBXNativeTarget;
			buildConfigurationList = 5624ADFE3488E6FD76FE57B4 /* Build configuration list for PBXNativeTarget "IronTracksWidgets" */;
			buildPhases = (
				4FC4D5DA8539F1F39D88834A /* Sources */,
				5215609923D35838F4C4EB9A /* Resources */,
				0AC54681B39C28BA3376944B /* Frameworks */,
				4A303046E75FE066A501D934 /* Embed Frameworks */,
			);
			buildRules = (
			);
			dependencies = (
			);
			name = IronTracksWidgets;
			packageProductDependencies = (
			);
			productName = IronTracksWidgets;
			productReference = D366DA60D6798C4B3E2070AA /* IronTracksWidgets.appex */;
			productType = "com.apple.product-type.app-extension";
		};
/* End PBXNativeTarget section */

/* Begin PBXProject section */
		6CC3FA210A99F16A2C045D2C /* Project object */ = {
			isa = PBXProject;
			attributes = {
				BuildIndependentTargetsInParallel = YES;
				ORGANIZATIONNAME = IronTracks;
				TargetAttributes = {
				};
			};
			buildConfigurationList = CC948030ECD2B3D0646FF4EE /* Build configuration list for PBXProject "IronTracksWidgets" */;
			compatibilityVersion = "Xcode 14.0";
			developmentRegion = en;
			hasScannedForEncodings = 0;
			knownRegions = (
				Base,
				en,
			);
			mainGroup = 5DA06836A894C8E1FF688863;
			productRefGroup = C48475064212D7B6EDD1D386 /* Products */;
			projectDirPath = "";
			projectRoot = "";
			targets = (
				6B208B111E464D5C0E0699E0 /* IronTracksWidgets */,
			);
		};
/* End PBXProject section */

/* Begin PBXResourcesBuildPhase section */
		5215609923D35838F4C4EB9A /* Resources */ = {
			isa = PBXResourcesBuildPhase;
			buildActionMask = 2147483647;
			files = (
				61C4485ABA6B35A48E6B52E3 /* Assets.xcassets in Resources */,
			);
			runOnlyForDeploymentPostprocessing = 0;
		};
/* End PBXResourcesBuildPhase section */

/* Begin PBXSourcesBuildPhase section */
		4FC4D5DA8539F1F39D88834A /* Sources */ = {
			isa = PBXSourcesBuildPhase;
			buildActionMask = 2147483647;
			files = (
				B8BC6D6324C713A4A0831B86 /* TuistAssets+IronTracksWidgets.swift in Sources */,
				34313E9C3E760D476927871F /* TuistBundle+IronTracksWidgets.swift in Sources */,
				E22A619EE1BE450DDBD7CB40 /* WidgetsBundle.swift in Sources */,
			);
			runOnlyForDeploymentPostprocessing = 0;
		};
/* End PBXSourcesBuildPhase section */

/* Begin XCBuildConfiguration section */
		266DE1C30B40F842F5B4E265 /* Debug */ = {
			isa = XCBuildConfiguration;
			buildSettings = {
				CODE_SIGN_IDENTITY = "iPhone Developer";
				INFOPLIST_FILE = "Derived/InfoPlists/IronTracksWidgets-Info.plist";
				IPHONEOS_DEPLOYMENT_TARGET = 17.0;
				LD_RUNPATH_SEARCH_PATHS = (
					"$(inherited)",
					"@executable_path/Frameworks",
					"@executable_path/../../Frameworks",
				);
				OTHER_LDFLAGS = (
					"$(inherited)",
					"-L$(DT_TOOLCHAIN_DIR)/usr/lib/swift/$(PLATFORM_NAME)",
				);
				PRODUCT_BUNDLE_IDENTIFIER = com.irontracks.app.native.widgets;
				PRODUCT_NAME = IronTracksWidgets;
				SDKROOT = iphoneos;
				SUPPORTS_MACCATALYST = NO;
				SUPPORTS_MAC_DESIGNED_FOR_IPHONE_IPAD = NO;
				SUPPORTS_XR_DESIGNED_FOR_IPHONE_IPAD = NO;
				SWIFT_ACTIVE_COMPILATION_CONDITIONS = (
					"$(inherited)",
					DEBUG,
				);
				SWIFT_COMPILATION_MODE = singlefile;
				SWIFT_OPTIMIZATION_LEVEL = "-Onone";
				TARGETED_DEVICE_FAMILY = "1,2";
			};
			name = Debug;
		};
		95F2E3DDAB1E4B77D5AD4F93 /* Release */ = {
			isa = XCBuildConfiguration;
			buildSettings = {
				CODE_SIGN_IDENTITY = "iPhone Developer";
				INFOPLIST_FILE = "Derived/InfoPlists/IronTracksWidgets-Info.plist";
				IPHONEOS_DEPLOYMENT_TARGET = 17.0;
				LD_RUNPATH_SEARCH_PATHS = (
					"$(inherited)",
					"@executable_path/Frameworks",
					"@executable_path/../../Frameworks",
				);
				OTHER_LDFLAGS = (
					"$(inherited)",
					"-L$(DT_TOOLCHAIN_DIR)/usr/lib/swift/$(PLATFORM_NAME)",
				);
				PRODUCT_BUNDLE_IDENTIFIER = com.irontracks.app.native.widgets;
				PRODUCT_NAME = IronTracksWidgets;
				SDKROOT = iphoneos;
				SUPPORTS_MACCATALYST = NO;
				SUPPORTS_MAC_DESIGNED_FOR_IPHONE_IPAD = NO;
				SUPPORTS_XR_DESIGNED_FOR_IPHONE_IPAD = NO;
				SWIFT_COMPILATION_MODE = wholemodule;
				SWIFT_OPTIMIZATION_LEVEL = "-O";
				TARGETED_DEVICE_FAMILY = "1,2";
			};
			name = Release;
		};
		B8709D2A2C25A46B88DD17C9 /* Release */ = {
			isa = XCBuildConfiguration;
			buildSettings = {
				ALWAYS_SEARCH_USER_PATHS = NO;
				CLANG_ANALYZER_LOCALIZABILITY_NONLOCALIZED = YES;
				CLANG_ANALYZER_NONNULL = YES;
				CLANG_ANALYZER_NUMBER_OBJECT_CONVERSION = YES_AGGRESSIVE;
				CLANG_CXX_LANGUAGE_STANDARD = "gnu++14";
				CLANG_CXX_LIBRARY = "libc++";
				CLANG_ENABLE_MODULES = YES;
				CLANG_ENABLE_OBJC_ARC = YES;
				CLANG_ENABLE_OBJC_WEAK = YES;
				CLANG_WARN_BLOCK_CAPTURE_AUTORELEASING = YES;
				CLANG_WARN_BOOL_CONVERSION = YES;
				CLANG_WARN_COMMA = YES;
				CLANG_WARN_CONSTANT_CONVERSION = YES;
				CLANG_WARN_DEPRECATED_OBJC_IMPLEMENTATIONS = YES;
				CLANG_WARN_DIRECT_OBJC_ISA_USAGE = YES_ERROR;
				CLANG_WARN_DOCUMENTATION_COMMENTS = YES;
				CLANG_WARN_EMPTY_BODY = YES;
				CLANG_WARN_ENUM_CONVERSION = YES;
				CLANG_WARN_INFINITE_RECURSION = YES;
				CLANG_WARN_INT_CONVERSION = YES;
				CLANG_WARN_NON_LITERAL_NULL_CONVERSION = YES;
				CLANG_WARN_OBJC_IMPLICIT_RETAIN_SELF = YES;
				CLANG_WARN_OBJC_LITERAL_CONVERSION = YES;
				CLANG_WARN_OBJC_ROOT_CLASS = YES_ERROR;
				CLANG_WARN_QUOTED_INCLUDE_IN_FRAMEWORK_HEADER = YES;
				CLANG_WARN_RANGE_LOOP_ANALYSIS = YES;
				CLANG_WARN_STRICT_PROTOTYPES = YES;
				CLANG_WARN_SUSPICIOUS_MOVE = YES;
				CLANG_WARN_UNGUARDED_AVAILABILITY = YES_AGGRESSIVE;
				CLANG_WARN_UNREACHABLE_CODE = YES;
				CLANG_WARN__DUPLICATE_METHOD_MATCH = YES;
				CODE_SIGN_STYLE = Automatic;
				COPY_PHASE_STRIP = NO;
				DEAD_CODE_STRIPPING = YES;
				DEBUG_INFORMATION_FORMAT = "dwarf-with-dsym";
				DEVELOPMENT_TEAM = 5XLC55D3YR;
				ENABLE_NS_ASSERTIONS = NO;
				ENABLE_STRICT_OBJC_MSGSEND = YES;
				GCC_C_LANGUAGE_STANDARD = gnu11;
				GCC_NO_COMMON_BLOCKS = YES;
				GCC_WARN_64_TO_32_BIT_CONVERSION = YES;
				GCC_WARN_ABOUT_RETURN_TYPE = YES_ERROR;
				GCC_WARN_UNDECLARED_SELECTOR = YES;
				GCC_WARN_UNINITIALIZED_AUTOS = YES_AGGRESSIVE;
				GCC_WARN_UNUSED_FUNCTION = YES;
				GCC_WARN_UNUSED_VARIABLE = YES;
				MTL_ENABLE_DEBUG_INFO = NO;
				PRODUCT_NAME = "$(TARGET_NAME)";
				SWIFT_VERSION = 6.0;
				VALIDATE_PRODUCT = YES;
			};
			name = Release;
		};
		D9D82AD64F46F6AAEBA0F6BC /* Debug */ = {
			isa = XCBuildConfiguration;
			buildSettings = {
				ALWAYS_SEARCH_USER_PATHS = NO;
				CLANG_ANALYZER_LOCALIZABILITY_NONLOCALIZED = YES;
				CLANG_ANALYZER_NONNULL = YES;
				CLANG_ANALYZER_NUMBER_OBJECT_CONVERSION = YES_AGGRESSIVE;
				CLANG_CXX_LANGUAGE_STANDARD = "gnu++14";
				CLANG_CXX_LIBRARY = "libc++";
				CLANG_ENABLE_MODULES = YES;
				CLANG_ENABLE_OBJC_ARC = YES;
				CLANG_ENABLE_OBJC_WEAK = YES;
				CLANG_WARN_BLOCK_CAPTURE_AUTORELEASING = YES;
				CLANG_WARN_BOOL_CONVERSION = YES;
				CLANG_WARN_COMMA = YES;
				CLANG_WARN_CONSTANT_CONVERSION = YES;
				CLANG_WARN_DEPRECATED_OBJC_IMPLEMENTATIONS = YES;
				CLANG_WARN_DIRECT_OBJC_ISA_USAGE = YES_ERROR;
				CLANG_WARN_DOCUMENTATION_COMMENTS = YES;
				CLANG_WARN_EMPTY_BODY = YES;
				CLANG_WARN_ENUM_CONVERSION = YES;
				CLANG_WARN_INFINITE_RECURSION = YES;
				CLANG_WARN_INT_CONVERSION = YES;
				CLANG_WARN_NON_LITERAL_NULL_CONVERSION = YES;
				CLANG_WARN_OBJC_IMPLICIT_RETAIN_SELF = YES;
				CLANG_WARN_OBJC_LITERAL_CONVERSION = YES;
				CLANG_WARN_OBJC_ROOT_CLASS = YES_ERROR;
				CLANG_WARN_QUOTED_INCLUDE_IN_FRAMEWORK_HEADER = YES;
				CLANG_WARN_RANGE_LOOP_ANALYSIS = YES;
				CLANG_WARN_STRICT_PROTOTYPES = YES;
				CLANG_WARN_SUSPICIOUS_MOVE = YES;
				CLANG_WARN_UNGUARDED_AVAILABILITY = YES_AGGRESSIVE;
				CLANG_WARN_UNREACHABLE_CODE = YES;
				CLANG_WARN__DUPLICATE_METHOD_MATCH = YES;
				CODE_SIGN_STYLE = Automatic;
				COPY_PHASE_STRIP = NO;
				DEAD_CODE_STRIPPING = YES;
				DEBUG_INFORMATION_FORMAT = dwarf;
				DEVELOPMENT_TEAM = 5XLC55D3YR;
				ENABLE_STRICT_OBJC_MSGSEND = YES;
				ENABLE_TESTABILITY = YES;
				GCC_C_LANGUAGE_STANDARD = gnu11;
				GCC_DYNAMIC_NO_PIC = NO;
				GCC_NO_COMMON_BLOCKS = YES;
				GCC_OPTIMIZATION_LEVEL = 0;
				GCC_PREPROCESSOR_DEFINITIONS = (
					"DEBUG=1",
					"$(inherited)",
				);
				GCC_WARN_64_TO_32_BIT_CONVERSION = YES;
				GCC_WARN_ABOUT_RETURN_TYPE = YES_ERROR;
				GCC_WARN_UNDECLARED_SELECTOR = YES;
				GCC_WARN_UNINITIALIZED_AUTOS = YES_AGGRESSIVE;
				GCC_WARN_UNUSED_FUNCTION = YES;
				GCC_WARN_UNUSED_VARIABLE = YES;
				MTL_ENABLE_DEBUG_INFO = YES;
				ONLY_ACTIVE_ARCH = YES;
				PRODUCT_NAME = "$(TARGET_NAME)";
				SWIFT_VERSION = 6.0;
			};
			name = Debug;
		};
/* End XCBuildConfiguration section */

/* Begin XCConfigurationList section */
		5624ADFE3488E6FD76FE57B4 /* Build configuration list for PBXNativeTarget "IronTracksWidgets" */ = {
			isa = XCConfigurationList;
			buildConfigurations = (
				266DE1C30B40F842F5B4E265 /* Debug */,
				95F2E3DDAB1E4B77D5AD4F93 /* Release */,
			);
			defaultConfigurationIsVisible = 0;
			defaultConfigurationName = Release;
		};
		CC948030ECD2B3D0646FF4EE /* Build configuration list for PBXProject "IronTracksWidgets" */ = {
			isa = XCConfigurationList;
			buildConfigurations = (
				D9D82AD64F46F6AAEBA0F6BC /* Debug */,
				B8709D2A2C25A46B88DD17C9 /* Release */,
			);
			defaultConfigurationIsVisible = 0;
			defaultConfigurationName = Release;
		};
/* End XCConfigurationList section */
	};
	rootObject = 6CC3FA210A99F16A2C045D2C /* Project object */;
}
