{
  "originHash" : "270210f674945e56dd1be7fb86917c27d91662d416fab1212ea5719cdb873dc3",
  "pins" : [
    {
      "identity" : "capacitor-swift-pm",
      "kind" : "remoteSourceControl",
      "location" : "https://github.com/ionic-team/capacitor-swift-pm.git",
      "state" : {
        "revision" : "4f71d0b979f2f957326f04353eca7604ee937e1e",
        "version" : "8.5.0"
      }
    },
    {
      "identity" : "ion-ios-filesystem",
      "kind" : "remoteSourceControl",
      "location" : "https://github.com/ionic-team/ion-ios-filesystem.git",
      "state" : {
        "revision" : "0d81e26e828ff9582807e2339112cedf2e0fab85",
        "version" : "1.1.2"
      }
    },
    {
      "identity" : "ion-ios-geolocation",
      "kind" : "remoteSourceControl",
      "location" : "https://github.com/ionic-team/ion-ios-geolocation.git",
      "state" : {
        "revision" : "db363927d3a954e3ea24d2e72b6e9814769a84be",
        "version" : "2.1.1"
      }
    },
    {
      "identity" : "purchases-hybrid-common",
      "kind" : "remoteSourceControl",
      "location" : "https://github.com/RevenueCat/purchases-hybrid-common.git",
      "state" : {
        "revision" : "aa2bfca14cb6e393a9b2a813a4eed770544b2193",
        "version" : "17.55.1"
      }
    },
    {
      "identity" : "purchases-ios-spm",
      "kind" : "remoteSourceControl",
      "location" : "https://github.com/RevenueCat/purchases-ios-spm",
      "state" : {
        "revision" : "66f81c19e29170cecc1f155c62cd586cf53b8400",
        "version" : "5.67.1"
      }
    },
    {
      "identity" : "sentry-cocoa",
      "kind" : "remoteSourceControl",
      "location" : "https://github.com/getsentry/sentry-cocoa.git",
      "state" : {
        "revision" : "0ffc3c6287461962cb2a81e57fc0ee0335d8d56a",
        "version" : "8.40.1"
      }
    }
  ],
  "version" : 3
}
