{
  "originHash" : "2e4f6bd0f0961e47b6d4386c0a77a8d4298da6eb832011a3fc5fff649cb0ccd9",
  "pins" : [
    {
      "identity" : "capacitor-swift-pm",
      "kind" : "remoteSourceControl",
      "location" : "https://github.com/ionic-team/capacitor-swift-pm.git",
      "state" : {
        "revision" : "13a39179b3df796f3bb2e70c47ccdd92593f34d2",
        "version" : "8.0.2"
      }
    },
    {
      "identity" : "purchases-hybrid-common",
      "kind" : "remoteSourceControl",
      "location" : "https://github.com/RevenueCat/purchases-hybrid-common.git",
      "state" : {
        "revision" : "bec4ca7480630274e1fdd86668bc0697871c6ce0",
        "version" : "17.33.1"
      }
    },
    {
      "identity" : "purchases-ios-spm",
      "kind" : "remoteSourceControl",
      "location" : "https://github.com/RevenueCat/purchases-ios-spm",
      "state" : {
        "revision" : "eb593f3a7e977fe1a3b80d1f50ea0c90e94719cd",
        "version" : "5.57.2"
      }
    }
  ],
  "version" : 3
}
